<?xml version="1.0" encoding="utf-8"?>
<Project ToolsVersion="4.0" xmlns="http://schemas.microsoft.com/developer/msbuild/2003">
  <ItemGroup>
    <Filter Include="Source Files">
      <UniqueIdentifier>{4FC737F1-C7A5-4376-A066-2A32D752A2FF}</UniqueIdentifier>
      <Extensions>cpp;c;cc;cxx;def;odl;idl;hpj;bat;asm;asmx</Extensions>
    </Filter>
    <Filter Include="Header Files">
      <UniqueIdentifier>{93995380-89BD-4b04-88EB-625FBE52EBFB}</UniqueIdentifier>
      <Extensions>h;hh;hpp;hxx;hm;inl;inc;ipp;xsd</Extensions>
    </Filter>
    <Filter Include="Resource Files">
      <UniqueIdentifier>{67DA6AB6-F800-4c08-8B7A-83BB121AAD01}</UniqueIdentifier>
      <Extensions>rc;ico;cur;bmp;dlg;rc2;rct;bin;rgs;gif;jpg;jpeg;jpe;resx;tiff;tif;png;wav;mfcribbon-ms</Extensions>
    </Filter>
    <Filter Include="imgui">
      <UniqueIdentifier>{a93ce88b-ede8-4235-87cc-a809c2bab2c9}</UniqueIdentifier>
    </Filter>
    <Filter Include="memwise">
      <UniqueIdentifier>{d75ac2cd-9fdd-421f-bed1-082025233177}</UniqueIdentifier>
    </Filter>
    <Filter Include="imgui_impl">
      <UniqueIdentifier>{03928f45-cf78-4c19-ae5f-76bc3dad21e5}</UniqueIdentifier>
    </Filter>
    <Filter Include="spine">
      <UniqueIdentifier>{19336972-d0f8-43f1-8045-9c9e5a349e15}</UniqueIdentifier>
    </Filter>
  </ItemGroup>
  <ItemGroup>
    <ClCompile Include="..\..\src\imgui\imgui.cpp">
      <Filter>imgui</Filter>
    </ClCompile>
    <ClCompile Include="..\..\src\imgui\imgui_demo.cpp">
      <Filter>imgui</Filter>
    </ClCompile>
    <ClCompile Include="..\..\src\imgui\imgui_draw.cpp">
      <Filter>imgui</Filter>
    </ClCompile>
    <ClCompile Include="..\..\src\Logger.cpp">
      <Filter>Source Files</Filter>
    </ClCompile>
    <ClCompile Include="..\..\src\Main.cpp">
      <Filter>Source Files</Filter>
    </ClCompile>
    <ClCompile Include="..\..\src\System.cpp">
      <Filter>Source Files</Filter>
    </ClCompile>
    <ClCompile Include="..\..\src\imgui_impl\ImGuiImpl.cpp">
      <Filter>imgui_impl</Filter>
    </ClCompile>
    <ClCompile Include="..\..\src\spine\Animation.c">
      <Filter>spine</Filter>
    </ClCompile>
    <ClCompile Include="..\..\src\spine\AnimationState.c">
      <Filter>spine</Filter>
    </ClCompile>
    <ClCompile Include="..\..\src\spine\AnimationStateData.c">
      <Filter>spine</Filter>
    </ClCompile>
    <ClCompile Include="..\..\src\spine\Atlas.c">
      <Filter>spine</Filter>
    </ClCompile>
    <ClCompile Include="..\..\src\spine\AtlasAttachmentLoader.c">
      <Filter>spine</Filter>
    </ClCompile>
    <ClCompile Include="..\..\src\spine\Attachment.c">
      <Filter>spine</Filter>
    </ClCompile>
    <ClCompile Include="..\..\src\spine\AttachmentLoader.c">
      <Filter>spine</Filter>
    </ClCompile>
    <ClCompile Include="..\..\src\spine\Bone.c">
      <Filter>spine</Filter>
    </ClCompile>
    <ClCompile Include="..\..\src\spine\BoneData.c">
      <Filter>spine</Filter>
    </ClCompile>
    <ClCompile Include="..\..\src\spine\BoundingBoxAttachment.c">
      <Filter>spine</Filter>
    </ClCompile>
    <ClCompile Include="..\..\src\spine\Event.c">
      <Filter>spine</Filter>
    </ClCompile>
    <ClCompile Include="..\..\src\spine\EventData.c">
      <Filter>spine</Filter>
    </ClCompile>
    <ClCompile Include="..\..\src\spine\extension.c">
      <Filter>spine</Filter>
    </ClCompile>
    <ClCompile Include="..\..\src\spine\IkConstraint.c">
      <Filter>spine</Filter>
    </ClCompile>
    <ClCompile Include="..\..\src\spine\IkConstraintData.c">
      <Filter>spine</Filter>
    </ClCompile>
    <ClCompile Include="..\..\src\spine\Json.c">
      <Filter>spine</Filter>
    </ClCompile>
    <ClCompile Include="..\..\src\spine\MeshAttachment.c">
      <Filter>spine</Filter>
    </ClCompile>
    <ClCompile Include="..\..\src\spine\PathAttachment.c">
      <Filter>spine</Filter>
    </ClCompile>
    <ClCompile Include="..\..\src\spine\PathConstraint.c">
      <Filter>spine</Filter>
    </ClCompile>
    <ClCompile Include="..\..\src\spine\PathConstraintData.c">
      <Filter>spine</Filter>
    </ClCompile>
    <ClCompile Include="..\..\src\spine\RegionAttachment.c">
      <Filter>spine</Filter>
    </ClCompile>
    <ClCompile Include="..\..\src\spine\Skeleton.c">
      <Filter>spine</Filter>
    </ClCompile>
    <ClCompile Include="..\..\src\spine\SkeletonBinary.c">
      <Filter>spine</Filter>
    </ClCompile>
    <ClCompile Include="..\..\src\spine\SkeletonBounds.c">
      <Filter>spine</Filter>
    </ClCompile>
    <ClCompile Include="..\..\src\spine\SkeletonData.c">
      <Filter>spine</Filter>
    </ClCompile>
    <ClCompile Include="..\..\src\spine\SkeletonJson.c">
      <Filter>spine</Filter>
    </ClCompile>
    <ClCompile Include="..\..\src\spine\Skin.c">
      <Filter>spine</Filter>
    </ClCompile>
    <ClCompile Include="..\..\src\spine\Slot.c">
      <Filter>spine</Filter>
    </ClCompile>
    <ClCompile Include="..\..\src\spine\SlotData.c">
      <Filter>spine</Filter>
    </ClCompile>
    <ClCompile Include="..\..\src\spine\TransformConstraint.c">
      <Filter>spine</Filter>
    </ClCompile>
    <ClCompile Include="..\..\src\spine\TransformConstraintData.c">
      <Filter>spine</Filter>
    </ClCompile>
    <ClCompile Include="..\..\src\spine\VertexAttachment.c">
      <Filter>spine</Filter>
    </ClCompile>
    <ClCompile Include="..\..\src\Texture.cpp">
      <Filter>Source Files</Filter>
    </ClCompile>
    <ClCompile Include="..\..\src\SpineAnimation.cpp">
      <Filter>Source Files</Filter>
    </ClCompile>
    <ClCompile Include="..\..\src\Shader.cpp">
      <Filter>Source Files</Filter>
    </ClCompile>
    <ClCompile Include="..\..\src\Mesh.cpp">
      <Filter>Source Files</Filter>
    </ClCompile>
    <ClCompile Include="..\..\src\imgui_impl\ImGuiExtensions.cpp">
      <Filter>imgui_impl</Filter>
    </ClCompile>
  </ItemGroup>
  <ItemGroup>
    <ClInclude Include="..\..\src\imgui\imconfig.h">
      <Filter>imgui</Filter>
    </ClInclude>
    <ClInclude Include="..\..\src\imgui\imgui.h">
      <Filter>imgui</Filter>
    </ClInclude>
    <ClInclude Include="..\..\src\imgui\imgui_internal.h">
      <Filter>imgui</Filter>
    </ClInclude>
    <ClInclude Include="..\..\src\imgui\stb_rect_pack.h">
      <Filter>imgui</Filter>
    </ClInclude>
    <ClInclude Include="..\..\src\imgui\stb_textedit.h">
      <Filter>imgui</Filter>
    </ClInclude>
    <ClInclude Include="..\..\src\imgui\stb_truetype.h">
      <Filter>imgui</Filter>
    </ClInclude>
    <ClInclude Include="..\..\src\memwise\array.h">
      <Filter>memwise</Filter>
    </ClInclude>
    <ClInclude Include="..\..\src\memwise\array.hpp">
      <Filter>memwise</Filter>
    </ClInclude>
    <ClInclude Include="..\..\src\memwise\array.search.hpp">
      <Filter>memwise</Filter>
    </ClInclude>
    <ClInclude Include="..\..\src\memwise\array.sort.hpp">
      <Filter>memwise</Filter>
    </ClInclude>
    <ClInclude Include="..\..\src\memwise\link.h">
      <Filter>memwise</Filter>
    </ClInclude>
    <ClInclude Include="..\..\src\memwise\membuf.h">
      <Filter>memwise</Filter>
    </ClInclude>
    <ClInclude Include="..\..\src\memwise\queue.h">
      <Filter>memwise</Filter>
    </ClInclude>
    <ClInclude Include="..\..\src\memwise\queue.hpp">
      <Filter>memwise</Filter>
    </ClInclude>
    <ClInclude Include="..\..\src\memwise\search.hpp">
      <Filter>memwise</Filter>
    </ClInclude>
    <ClInclude Include="..\..\src\memwise\sort.hpp">
      <Filter>memwise</Filter>
    </ClInclude>
    <ClInclude Include="..\..\src\memwise\table.h">
      <Filter>memwise</Filter>
    </ClInclude>
    <ClInclude Include="..\..\src\memwise\table.hpp">
      <Filter>memwise</Filter>
    </ClInclude>
    <ClInclude Include="..\..\src\memwise\tempo.h">
      <Filter>memwise</Filter>
    </ClInclude>
    <ClInclude Include="..\..\src\vmath\vmath.h">
      <Filter>Header Files</Filter>
    </ClInclude>
    <ClInclude Include="..\..\src\Logger.h">
      <Filter>Header Files</Filter>
    </ClInclude>
    <ClInclude Include="..\..\src\System.h">
      <Filter>Header Files</Filter>
    </ClInclude>
    <ClInclude Include="..\..\src\Timer.h">
      <Filter>Header Files</Filter>
    </ClInclude>
    <ClInclude Include="..\..\src\imgui_impl\ImGuiImpl.h">
      <Filter>imgui_impl</Filter>
    </ClInclude>
    <ClInclude Include="..\..\src\spine\Animation.h">
      <Filter>spine</Filter>
    </ClInclude>
    <ClInclude Include="..\..\src\spine\AnimationState.h">
      <Filter>spine</Filter>
    </ClInclude>
    <ClInclude Include="..\..\src\spine\AnimationStateData.h">
      <Filter>spine</Filter>
    </ClInclude>
    <ClInclude Include="..\..\src\spine\Atlas.h">
      <Filter>spine</Filter>
    </ClInclude>
    <ClInclude Include="..\..\src\spine\AtlasAttachmentLoader.h">
      <Filter>spine</Filter>
    </ClInclude>
    <ClInclude Include="..\..\src\spine\Attachment.h">
      <Filter>spine</Filter>
    </ClInclude>
    <ClInclude Include="..\..\src\spine\AttachmentLoader.h">
      <Filter>spine</Filter>
    </ClInclude>
    <ClInclude Include="..\..\src\spine\Bone.h">
      <Filter>spine</Filter>
    </ClInclude>
    <ClInclude Include="..\..\src\spine\BoneData.h">
      <Filter>spine</Filter>
    </ClInclude>
    <ClInclude Include="..\..\src\spine\BoundingBoxAttachment.h">
      <Filter>spine</Filter>
    </ClInclude>
    <ClInclude Include="..\..\src\spine\Event.h">
      <Filter>spine</Filter>
    </ClInclude>
    <ClInclude Include="..\..\src\spine\EventData.h">
      <Filter>spine</Filter>
    </ClInclude>
    <ClInclude Include="..\..\src\spine\extension.h">
      <Filter>spine</Filter>
    </ClInclude>
    <ClInclude Include="..\..\src\spine\IkConstraint.h">
      <Filter>spine</Filter>
    </ClInclude>
    <ClInclude Include="..\..\src\spine\IkConstraintData.h">
      <Filter>spine</Filter>
    </ClInclude>
    <ClInclude Include="..\..\src\spine\Json.h">
      <Filter>spine</Filter>
    </ClInclude>
    <ClInclude Include="..\..\src\spine\kvec.h">
      <Filter>spine</Filter>
    </ClInclude>
    <ClInclude Include="..\..\src\spine\MeshAttachment.h">
      <Filter>spine</Filter>
    </ClInclude>
    <ClInclude Include="..\..\src\spine\PathAttachment.h">
      <Filter>spine</Filter>
    </ClInclude>
    <ClInclude Include="..\..\src\spine\PathConstraint.h">
      <Filter>spine</Filter>
    </ClInclude>
    <ClInclude Include="..\..\src\spine\PathConstraintData.h">
      <Filter>spine</Filter>
    </ClInclude>
    <ClInclude Include="..\..\src\spine\RegionAttachment.h">
      <Filter>spine</Filter>
    </ClInclude>
    <ClInclude Include="..\..\src\spine\Skeleton.h">
      <Filter>spine</Filter>
    </ClInclude>
    <ClInclude Include="..\..\src\spine\SkeletonBinary.h">
      <Filter>spine</Filter>
    </ClInclude>
    <ClInclude Include="..\..\src\spine\SkeletonBounds.h">
      <Filter>spine</Filter>
    </ClInclude>
    <ClInclude Include="..\..\src\spine\SkeletonData.h">
      <Filter>spine</Filter>
    </ClInclude>
    <ClInclude Include="..\..\src\spine\SkeletonJson.h">
      <Filter>spine</Filter>
    </ClInclude>
    <ClInclude Include="..\..\src\spine\Skin.h">
      <Filter>spine</Filter>
    </ClInclude>
    <ClInclude Include="..\..\src\spine\Slot.h">
      <Filter>spine</Filter>
    </ClInclude>
    <ClInclude Include="..\..\src\spine\SlotData.h">
      <Filter>spine</Filter>
    </ClInclude>
    <ClInclude Include="..\..\src\spine\spine.h">
      <Filter>spine</Filter>
    </ClInclude>
    <ClInclude Include="..\..\src\spine\TransformConstraint.h">
      <Filter>spine</Filter>
    </ClInclude>
    <ClInclude Include="..\..\src\spine\TransformConstraintData.h">
      <Filter>spine</Filter>
    </ClInclude>
    <ClInclude Include="..\..\src\spine\VertexAttachment.h">
      <Filter>spine</Filter>
    </ClInclude>
    <ClInclude Include="..\..\src\Texture.h">
      <Filter>Header Files</Filter>
    </ClInclude>
    <ClInclude Include="..\..\src\SpineAnimation.h">
      <Filter>Header Files</Filter>
    </ClInclude>
    <ClInclude Include="..\..\src\Shader.h">
      <Filter>Header Files</Filter>
    </ClInclude>
    <ClInclude Include="..\..\src\Mesh.h">
      <Filter>Header Files</Filter>
    </ClInclude>
    <ClInclude Include="..\..\src\imgui_impl\ImGuiExtensions.h">
      <Filter>imgui_impl</Filter>
    </ClInclude>
  </ItemGroup>
</Project>