
Microsoft Visual Studio Solution File, Format Version 12.00
# Visual Studio 15
VisualStudioVersion = 15.0.27703.2035
MinimumVisualStudioVersion = 10.0.40219.1
Project("{8BC9CEB8-8B4A-11D0-8D11-00A0C91BC942}") = "SpineView", "SpineView.vcxproj", "{8936FADF-921D-4DC0-9428-3C07886E65BF}"
EndProject
Global
	GlobalSection(SolutionConfigurationPlatforms) = preSolution
		Debug|x64 = Debug|x64
		Debug|x86 = Debug|x86
		Release|x64 = Release|x64
		Release|x86 = Release|x86
	EndGlobalSection
	GlobalSection(ProjectConfigurationPlatforms) = postSolution
		{8936FADF-921D-4DC0-9428-3C07886E65BF}.Debug|x64.ActiveCfg = Debug|x64
		{8936FADF-921D-4DC0-9428-3C07886E65BF}.Debug|x64.Build.0 = Debug|x64
		{8936FADF-921D-4DC0-9428-3C07886E65BF}.Debug|x86.ActiveCfg = Debug|Win32
		{8936FADF-921D-4DC0-9428-3C07886E65BF}.Debug|x86.Build.0 = Debug|Win32
		{8936FADF-921D-4DC0-9428-3C07886E65BF}.Release|x64.ActiveCfg = Release|x64
		{8936FADF-921D-4DC0-9428-3C07886E65BF}.Release|x64.Build.0 = Release|x64
		{8936FADF-921D-4DC0-9428-3C07886E65BF}.Release|x86.ActiveCfg = Release|Win32
		{8936FADF-921D-4DC0-9428-3C07886E65BF}.Release|x86.Build.0 = Release|Win32
	EndGlobalSection
	GlobalSection(SolutionProperties) = preSolution
		HideSolutionNode = FALSE
	EndGlobalSection
	GlobalSection(ExtensibilityGlobals) = postSolution
		SolutionGuid = {BB14517E-C847-4878-BA48-92D4B100BEF5}
	EndGlobalSection
EndGlobal
